
Microsoft Visual Studio Solution File, Format Version 12.00
# Visual Studio 15
VisualStudioVersion = 15.0.28010.2003
MinimumVisualStudioVersion = 10.0.40219.1
Project("{FAE04EC0-301F-11D3-BF4B-00C04F79EFBC}") = "Cornerstone (desktop)", "Cornerstone (desktop)\Cornerstone (desktop).csproj", "{779F9CD5-8782-46D8-8725-13CE0E23AE58}"
EndProject
Project("{FAE04EC0-301F-11D3-BF4B-00C04F79EFBC}") = "CornerstoneTests", "CornerstoneTests\CornerstoneTests.csproj", "{C05D61F9-0E18-4870-8A3C-CFD72C56B481}"
EndProject
Global
	GlobalSection(SolutionConfigurationPlatforms) = preSolution
		Debug|Any CPU = Debug|Any CPU
		Release|Any CPU = Release|Any CPU
	EndGlobalSection
	GlobalSection(ProjectConfigurationPlatforms) = postSolution
		{779F9CD5-8782-46D8-8725-13CE0E23AE58}.Debug|Any CPU.ActiveCfg = Debug|Any CPU
		{779F9CD5-8782-46D8-8725-13CE0E23AE58}.Debug|Any CPU.Build.0 = Debug|Any CPU
		{779F9CD5-8782-46D8-8725-13CE0E23AE58}.Release|Any CPU.ActiveCfg = Release|Any CPU
		{779F9CD5-8782-46D8-8725-13CE0E23AE58}.Release|Any CPU.Build.0 = Release|Any CPU
		{C05D61F9-0E18-4870-8A3C-CFD72C56B481}.Debug|Any CPU.ActiveCfg = Debug|Any CPU
		{C05D61F9-0E18-4870-8A3C-CFD72C56B481}.Debug|Any CPU.Build.0 = Debug|Any CPU
		{C05D61F9-0E18-4870-8A3C-CFD72C56B481}.Release|Any CPU.ActiveCfg = Release|Any CPU
		{C05D61F9-0E18-4870-8A3C-CFD72C56B481}.Release|Any CPU.Build.0 = Release|Any CPU
	EndGlobalSection
	GlobalSection(SolutionProperties) = preSolution
		HideSolutionNode = FALSE
	EndGlobalSection
	GlobalSection(ExtensibilityGlobals) = postSolution
		SolutionGuid = {F79B6A42-D0B8-4F5E-A8CA-17EEB62D9A68}
	EndGlobalSection
EndGlobal
